{
    "name": "02-veams-cli-components",
    "version": "0.0.1",
    "lockfileVersion": 1,
    "requires": true,
    "dependencies": {
        "veams-component-figure": {
            "version": "5.0.2",
            "resolved": "https://registry.npmjs.org/veams-component-figure/-/veams-component-figure-5.0.2.tgz",
            "integrity": "sha1-1lxpINo9DTs9uD1bEyVP2+z9EVI="
        },
        "veams-component-picture": {
            "version": "5.0.1",
            "resolved": "https://registry.npmjs.org/veams-component-picture/-/veams-component-picture-5.0.1.tgz",
            "integrity": "sha1-DQvqMrHkg+OEAfUcIJUD79D41Yg="
        },
        "veams-component-video": {
            "version": "5.0.1",
            "resolved": "https://registry.npmjs.org/veams-component-video/-/veams-component-video-5.0.1.tgz",
            "integrity": "sha1-w5oemM5QP1c5f2cOaSGEtCyARtY="
        }
    }
}
